
Microsoft Visual Studio Solution File, Format Version 12.00
# Visual Studio Version 16
VisualStudioVersion = 16.0.30717.126
MinimumVisualStudioVersion = 10.0.40219.1
Project("{FAE04EC0-301F-11D3-BF4B-00C04F79EFBC}") = "BulkyBook", "BulkyBook\BulkyBook.csproj", "{FC4505FF-ABF6-4BF2-8EBD-691443207A75}"
EndProject
Project("{FAE04EC0-301F-11D3-BF4B-00C04F79EFBC}") = "BulkyBook.DataAccess", "BulkyBook.DataAccess\BulkyBook.DataAccess.csproj", "{DC4B707C-63E7-4494-913C-29AE85108141}"
EndProject
Project("{FAE04EC0-301F-11D3-BF4B-00C04F79EFBC}") = "BulkyBook.Models", "BulkyBook.Models\BulkyBook.Models.csproj", "{9062CB43-AFF9-4043-888C-92182B0F8809}"
EndProject
Project("{FAE04EC0-301F-11D3-BF4B-00C04F79EFBC}") = "BulkyBook.Utility", "BulkyBook.Utility\BulkyBook.Utility.csproj", "{C937E1F2-3B11-48C0-92AB-31FE4ED73C14}"
EndProject
Global
	GlobalSection(SolutionConfigurationPlatforms) = preSolution
		Debug|Any CPU = Debug|Any CPU
		Release|Any CPU = Release|Any CPU
	EndGlobalSection
	GlobalSection(ProjectConfigurationPlatforms) = postSolution
		{FC4505FF-ABF6-4BF2-8EBD-691443207A75}.Debug|Any CPU.ActiveCfg = Debug|Any CPU
		{FC4505FF-ABF6-4BF2-8EBD-691443207A75}.Debug|Any CPU.Build.0 = Debug|Any CPU
		{FC4505FF-ABF6-4BF2-8EBD-691443207A75}.Release|Any CPU.ActiveCfg = Release|Any CPU
		{FC4505FF-ABF6-4BF2-8EBD-691443207A75}.Release|Any CPU.Build.0 = Release|Any CPU
		{DC4B707C-63E7-4494-913C-29AE85108141}.Debug|Any CPU.ActiveCfg = Debug|Any CPU
		{DC4B707C-63E7-4494-913C-29AE85108141}.Debug|Any CPU.Build.0 = Debug|Any CPU
		{DC4B707C-63E7-4494-913C-29AE85108141}.Release|Any CPU.ActiveCfg = Release|Any CPU
		{DC4B707C-63E7-4494-913C-29AE85108141}.Release|Any CPU.Build.0 = Release|Any CPU
		{9062CB43-AFF9-4043-888C-92182B0F8809}.Debug|Any CPU.ActiveCfg = Debug|Any CPU
		{9062CB43-AFF9-4043-888C-92182B0F8809}.Debug|Any CPU.Build.0 = Debug|Any CPU
		{9062CB43-AFF9-4043-888C-92182B0F8809}.Release|Any CPU.ActiveCfg = Release|Any CPU
		{9062CB43-AFF9-4043-888C-92182B0F8809}.Release|Any CPU.Build.0 = Release|Any CPU
		{C937E1F2-3B11-48C0-92AB-31FE4ED73C14}.Debug|Any CPU.ActiveCfg = Debug|Any CPU
		{C937E1F2-3B11-48C0-92AB-31FE4ED73C14}.Debug|Any CPU.Build.0 = Debug|Any CPU
		{C937E1F2-3B11-48C0-92AB-31FE4ED73C14}.Release|Any CPU.ActiveCfg = Release|Any CPU
		{C937E1F2-3B11-48C0-92AB-31FE4ED73C14}.Release|Any CPU.Build.0 = Release|Any CPU
	EndGlobalSection
	GlobalSection(SolutionProperties) = preSolution
		HideSolutionNode = FALSE
	EndGlobalSection
	GlobalSection(ExtensibilityGlobals) = postSolution
		SolutionGuid = {FC03E198-34A1-4A18-A4F2-A4EBEC784E46}
	EndGlobalSection
EndGlobal
